
Microsoft Visual Studio Solution File, Format Version 12.00
# Visual Studio Version 16
VisualStudioVersion = 16.0.31019.35
MinimumVisualStudioVersion = 10.0.40219.1
Project("{FAE04EC0-301F-11D3-BF4B-00C04F79EFBC}") = "EFDataLayer", "EFDataLayer\EFDataLayer.csproj", "{0612075D-73B7-4A1A-B734-7FF135305CC3}"
EndProject
Project("{FAE04EC0-301F-11D3-BF4B-00C04F79EFBC}") = "PresentationLayer", "PresentationLayer\PresentationLayer.csproj", "{138B8A7D-E00F-4BA0-AC02-E0C0A54032F6}"
	ProjectSection(ProjectDependencies) = postProject
		{0612075D-73B7-4A1A-B734-7FF135305CC3} = {0612075D-73B7-4A1A-B734-7FF135305CC3}
	EndProjectSection
EndProject
Global
	GlobalSection(SolutionConfigurationPlatforms) = preSolution
		Debug|Any CPU = Debug|Any CPU
		Release|Any CPU = Release|Any CPU
	EndGlobalSection
	GlobalSection(ProjectConfigurationPlatforms) = postSolution
		{0612075D-73B7-4A1A-B734-7FF135305CC3}.Debug|Any CPU.ActiveCfg = Debug|Any CPU
		{0612075D-73B7-4A1A-B734-7FF135305CC3}.Debug|Any CPU.Build.0 = Debug|Any CPU
		{0612075D-73B7-4A1A-B734-7FF135305CC3}.Release|Any CPU.ActiveCfg = Release|Any CPU
		{0612075D-73B7-4A1A-B734-7FF135305CC3}.Release|Any CPU.Build.0 = Release|Any CPU
		{138B8A7D-E00F-4BA0-AC02-E0C0A54032F6}.Debug|Any CPU.ActiveCfg = Debug|Any CPU
		{138B8A7D-E00F-4BA0-AC02-E0C0A54032F6}.Debug|Any CPU.Build.0 = Debug|Any CPU
		{138B8A7D-E00F-4BA0-AC02-E0C0A54032F6}.Release|Any CPU.ActiveCfg = Release|Any CPU
		{138B8A7D-E00F-4BA0-AC02-E0C0A54032F6}.Release|Any CPU.Build.0 = Release|Any CPU
	EndGlobalSection
	GlobalSection(SolutionProperties) = preSolution
		HideSolutionNode = FALSE
	EndGlobalSection
	GlobalSection(ExtensibilityGlobals) = postSolution
		SolutionGuid = {8F73CF70-38AA-41CA-99E0-7E9E51866397}
	EndGlobalSection
EndGlobal
